github.com/go-telegram/bot v1.15.0 h1:/ba5pp084MUhjR5sQDymQ7JNZ001CQa7QjtxLWcuGpg=
github.com/go-telegram/bot v1.15.0/go.mod h1:i2TRs7fXWIeaceF3z7KzsMt/he0TwkVC680mvdTFYeM=
github.com/go-telegram/fsm v0.2.0 h1:Y9bG3SMouBQzBaT/HFhwvmnLZEgYkBPQHnKNZt0szO8=
github.com/go-telegram/fsm v0.2.0/go.mod h1:NTRDcTWUMJym2K67nBHjNrKO7oYm8/XNlU2cDs6Z3s0=
github.com/mattn/go-sqlite3 v1.14.28 h1:ThEiQrnbtumT+QMknw63Befp/ce/nUPgBPMlRFEum7A=
github.com/mattn/go-sqlite3 v1.14.28/go.mod h1:Uh1q+B4BYcTPb+yiD3kU8Ct7aC0hY9fxUwlHK0RXw+Y=
